// !$*UTF8*$!
{
	archiveVersion = 1;
	classes = {
	};
	objectVersion = 56;
	objects = {

/* Begin PBXBuildFile section */
		29DA04A729BD50B5003E971A /* AppDelegate.swift in Sources */ = {isa = PBXBuildFile; fileRef = 29DA04A629BD50B5003E971A /* AppDelegate.swift */; };
		29DA04A929BD50B5003E971A /* SceneDelegate.swift in Sources */ = {isa = PBXBuildFile; fileRef = 29DA04A829BD50B5003E971A /* SceneDelegate.swift */; };
		29DA04AB29BD50B5003E971A /* ViewController.swift in Sources */ = {isa = PBXBuildFile; fileRef = 29DA04AA29BD50B5003E971A /* ViewController.swift */; };
		29DA04AE29BD50B5003E971A /* Main.storyboard in Resources */ = {isa = PBXBuildFile; fileRef = 29DA04AC29BD50B5003E971A /* Main.storyboard */; };
		29DA04B029BD50B7003E971A /* Assets.xcassets in Resources */ = {isa = PBXBuildFile; fileRef = 29DA04AF29BD50B7003E971A /* Assets.xcassets */; };
		29DA04B329BD50B7003E971A /* LaunchScreen.storyboard in Resources */ = {isa = PBXBuildFile; fileRef = 29DA04B129BD50B7003E971A /* LaunchScreen.storyboard */; };
		29DA04BC29BD5944003E971A /* CreateController.swift in Sources */ = {isa = PBXBuildFile; fileRef = 29DA04BB29BD5944003E971A /* CreateController.swift */; };
		29DA04BE29BD6396003E971A /* MatchTableViewController.swift in Sources */ = {isa = PBXBuildFile; fileRef = 29DA04BD29BD6396003E971A /* MatchTableViewController.swift */; };
		29DA04C129BD65F3003E971A /* MatchCell.swift in Sources */ = {isa = PBXBuildFile; fileRef = 29DA04C029BD65F3003E971A /* MatchCell.swift */; };
		29DA04C329BDAAD1003E971A /* MatchDetailController.swift in Sources */ = {isa = PBXBuildFile; fileRef = 29DA04C229BDAAD1003E971A /* MatchDetailController.swift */; };
		29DA04C529BDB158003E971A /* UserCell.swift in Sources */ = {isa = PBXBuildFile; fileRef = 29DA04C429BDB158003E971A /* UserCell.swift */; };
/* End PBXBuildFile section */

/* Begin PBXFileReference section */
		29DA04A329BD50B5003E971A /* RealTimeGolf.app */ = {isa = PBXFileReference; explicitFileType = wrapper.application; includeInIndex = 0; path = RealTimeGolf.app; sourceTree = BUILT_PRODUCTS_DIR; };
		29DA04A629BD50B5003E971A /* AppDelegate.swift */ = {isa = PBXFileReference; lastKnownFileType = sourcecode.swift; path = AppDelegate.swift; sourceTree = "<group>"; };
		29DA04A829BD50B5003E971A /* SceneDelegate.swift */ = {isa = PBXFileReference; lastKnownFileType = sourcecode.swift; path = SceneDelegate.swift; sourceTree = "<group>"; };
		29DA04AA29BD50B5003E971A /* ViewController.swift */ = {isa = PBXFileReference; lastKnownFileType = sourcecode.swift; path = ViewController.swift; sourceTree = "<group>"; };
		29DA04AD29BD50B5003E971A /* Base */ = {isa = PBXFileReference; lastKnownFileType = file.storyboard; name = Base; path = Base.lproj/Main.storyboard; sourceTree = "<group>"; };
		29DA04AF29BD50B7003E971A /* Assets.xcassets */ = {isa = PBXFileReference; lastKnownFileType = folder.assetcatalog; path = Assets.xcassets; sourceTree = "<group>"; };
		29DA04B229BD50B7003E971A /* Base */ = {isa = PBXFileReference; lastKnownFileType = file.storyboard; name = Base; path = Base.lproj/LaunchScreen.storyboard; sourceTree = "<group>"; };
		29DA04B429BD50B7003E971A /* Info.plist */ = {isa = PBXFileReference; lastKnownFileType = text.plist.xml; path = Info.plist; sourceTree = "<group>"; };
		29DA04BB29BD5944003E971A /* CreateController.swift */ = {isa = PBXFileReference; lastKnownFileType = sourcecode.swift; path = CreateController.swift; sourceTree = "<group>"; };
		29DA04BD29BD6396003E971A /* MatchTableViewController.swift */ = {isa = PBXFileReference; lastKnownFileType = sourcecode.swift; path = MatchTableViewController.swift; sourceTree = "<group>"; };
		29DA04C029BD65F3003E971A /* MatchCell.swift */ = {isa = PBXFileReference; lastKnownFileType = sourcecode.swift; path = MatchCell.swift; sourceTree = "<group>"; };
		29DA04C229BDAAD1003E971A /* MatchDetailController.swift */ = {isa = PBXFileReference; lastKnownFileType = sourcecode.swift; path = MatchDetailController.swift; sourceTree = "<group>"; };
		29DA04C429BDB158003E971A /* UserCell.swift */ = {isa = PBXFileReference; lastKnownFileType = sourcecode.swift; path = UserCell.swift; sourceTree = "<group>"; };
/* End PBXFileReference section */

/* Begin PBXFrameworksBuildPhase section */
		29DA04A029BD50B5003E971A /* Frameworks */ = {
			isa = PBXFrameworksBuildPhase;
			buildActionMask = 2147483647;
			files = (
			);
			runOnlyForDeploymentPostprocessing = 0;
		};
/* End PBXFrameworksBuildPhase section */

/* Begin PBXGroup section */
		29DA049A29BD50B5003E971A = {
			isa = PBXGroup;
			children = (
				29DA04A529BD50B5003E971A /* RealTimeGolf */,
				29DA04A429BD50B5003E971A /* Products */,
			);
			sourceTree = "<group>";
		};
		29DA04A429BD50B5003E971A /* Products */ = {
			isa = PBXGroup;
			children = (
				29DA04A329BD50B5003E971A /* RealTimeGolf.app */,
			);
			name = Products;
			sourceTree = "<group>";
		};
		29DA04A529BD50B5003E971A /* RealTimeGolf */ = {
			isa = PBXGroup;
			children = (
				29DA04BF29BD65DC003E971A /* View */,
				29DA04BA29BD592C003E971A /* Controller */,
				29DA04A629BD50B5003E971A /* AppDelegate.swift */,
				29DA04A829BD50B5003E971A /* SceneDelegate.swift */,
				29DA04AA29BD50B5003E971A /* ViewController.swift */,
				29DA04AC29BD50B5003E971A /* Main.storyboard */,
				29DA04AF29BD50B7003E971A /* Assets.xcassets */,
				29DA04B129BD50B7003E971A /* LaunchScreen.storyboard */,
				29DA04B429BD50B7003E971A /* Info.plist */,
			);
			path = RealTimeGolf;
			sourceTree = "<group>";
		};
		29DA04BA29BD592C003E971A /* Controller */ = {
			isa = PBXGroup;
			children = (
				29DA04BB29BD5944003E971A /* CreateController.swift */,
				29DA04BD29BD6396003E971A /* MatchTableViewController.swift */,
				29DA04C229BDAAD1003E971A /* MatchDetailController.swift */,
			);
			path = Controller;
			sourceTree = "<group>";
		};
		29DA04BF29BD65DC003E971A /* View */ = {
			isa = PBXGroup;
			children = (
				29DA04C029BD65F3003E971A /* MatchCell.swift */,
				29DA04C429BDB158003E971A /* UserCell.swift */,
			);
			path = View;
			sourceTree = "<group>";
		};
/* End PBXGroup section */

/* Begin PBXNativeTarget section */
		29DA04A229BD50B5003E971A /* RealTimeGolf */ = {
			isa = PBXNativeTarget;
			buildConfigurationList = 29DA04B729BD50B7003E971A /* Build configuration list for PBXNativeTarget "RealTimeGolf" */;
			buildPhases = (
				29DA049F29BD50B5003E971A /* Sources */,
				29DA04A029BD50B5003E971A /* Frameworks */,
				29DA04A129BD50B5003E971A /* Resources */,
			);
			buildRules = (
			);
			dependencies = (
			);
			name = RealTimeGolf;
			productName = RealTimeGolf;
			productReference = 29DA04A329BD50B5003E971A /* RealTimeGolf.app */;
			productType = "com.apple.product-type.application";
		};
/* End PBXNativeTarget section */

/* Begin PBXProject section */
		29DA049B29BD50B5003E971A /* Project object */ = {
			isa = PBXProject;
			attributes = {
				BuildIndependentTargetsInParallel = 1;
				LastSwiftUpdateCheck = 1420;
				LastUpgradeCheck = 1420;
				TargetAttributes = {
					29DA04A229BD50B5003E971A = {
						CreatedOnToolsVersion = 14.2;
					};
				};
			};
			buildConfigurationList = 29DA049E29BD50B5003E971A /* Build configuration list for PBXProject "RealTimeGolf" */;
			compatibilityVersion = "Xcode 14.0";
			developmentRegion = en;
			hasScannedForEncodings = 0;
			knownRegions = (
				en,
				Base,
			);
			mainGroup = 29DA049A29BD50B5003E971A;
			productRefGroup = 29DA04A429BD50B5003E971A /* Products */;
			projectDirPath = "";
			projectRoot = "";
			targets = (
				29DA04A229BD50B5003E971A /* RealTimeGolf */,
			);
		};
/* End PBXProject section */

/* Begin PBXResourcesBuildPhase section */
		29DA04A129BD50B5003E971A /* Resources */ = {
			isa = PBXResourcesBuildPhase;
			buildActionMask = 2147483647;
			files = (
				29DA04B329BD50B7003E971A /* LaunchScreen.storyboard in Resources */,
				29DA04B029BD50B7003E971A /* Assets.xcassets in Resources */,
				29DA04AE29BD50B5003E971A /* Main.storyboard in Resources */,
			);
			runOnlyForDeploymentPostprocessing = 0;
		};
/* End PBXResourcesBuildPhase section */

/* Begin PBXSourcesBuildPhase section */
		29DA049F29BD50B5003E971A /* Sources */ = {
			isa = PBXSourcesBuildPhase;
			buildActionMask = 2147483647;
			files = (
				29DA04C529BDB158003E971A /* UserCell.swift in Sources */,
				29DA04AB29BD50B5003E971A /* ViewController.swift in Sources */,
				29DA04BC29BD5944003E971A /* CreateController.swift in Sources */,
				29DA04A729BD50B5003E971A /* AppDelegate.swift in Sources */,
				29DA04C129BD65F3003E971A /* MatchCell.swift in Sources */,
				29DA04C329BDAAD1003E971A /* MatchDetailController.swift in Sources */,
				29DA04BE29BD6396003E971A /* MatchTableViewController.swift in Sources */,
				29DA04A929BD50B5003E971A /* SceneDelegate.swift in Sources */,
			);
			runOnlyForDeploymentPostprocessing = 0;
		};
/* End PBXSourcesBuildPhase section */

/* Begin PBXVariantGroup section */
		29DA04AC29BD50B5003E971A /* Main.storyboard */ = {
			isa = PBXVariantGroup;
			children = (
				29DA04AD29BD50B5003E971A /* Base */,
			);
			name = Main.storyboard;
			sourceTree = "<group>";
		};
		29DA04B129BD50B7003E971A /* LaunchScreen.storyboard */ = {
			isa = PBXVariantGroup;
			children = (
				29DA04B229BD50B7003E971A /* Base */,
			);
			name = LaunchScreen.storyboard;
			sourceTree = "<group>";
		};
/* End PBXVariantGroup section */

/* Begin XCBuildConfiguration section */
		29DA04B529BD50B7003E971A /* Debug */ = {
			isa = XCBuildConfiguration;
			buildSettings = {
				ALWAYS_SEARCH_USER_PATHS = NO;
				CLANG_ANALYZER_NONNULL = YES;
				CLANG_ANALYZER_NUMBER_OBJECT_CONVERSION = YES_AGGRESSIVE;
				CLANG_CXX_LANGUAGE_STANDARD = "gnu++20";
				CLANG_ENABLE_MODULES = YES;
				CLANG_ENABLE_OBJC_ARC = YES;
				CLANG_ENABLE_OBJC_WEAK = YES;
				CLANG_WARN_BLOCK_CAPTURE_AUTORELEASING = YES;
				CLANG_WARN_BOOL_CONVERSION = YES;
				CLANG_WARN_COMMA = YES;
				CLANG_WARN_CONSTANT_CONVERSION = YES;
				CLANG_WARN_DEPRECATED_OBJC_IMPLEMENTATIONS = YES;
				CLANG_WARN_DIRECT_OBJC_ISA_USAGE = YES_ERROR;
				CLANG_WARN_DOCUMENTATION_COMMENTS = YES;
				CLANG_WARN_EMPTY_BODY = YES;
				CLANG_WARN_ENUM_CONVERSION = YES;
				CLANG_WARN_INFINITE_RECURSION = YES;
				CLANG_WARN_INT_CONVERSION = YES;
				CLANG_WARN_NON_LITERAL_NULL_CONVERSION = YES;
				CLANG_WARN_OBJC_IMPLICIT_RETAIN_SELF = YES;
				CLANG_WARN_OBJC_LITERAL_CONVERSION = YES;
				CLANG_WARN_OBJC_ROOT_CLASS = YES_ERROR;
				CLANG_WARN_QUOTED_INCLUDE_IN_FRAMEWORK_HEADER = YES;
				CLANG_WARN_RANGE_LOOP_ANALYSIS = YES;
				CLANG_WARN_STRICT_PROTOTYPES = YES;
				CLANG_WARN_SUSPICIOUS_MOVE = YES;
				CLANG_WARN_UNGUARDED_AVAILABILITY = YES_AGGRESSIVE;
				CLANG_WARN_UNREACHABLE_CODE = YES;
				CLANG_WARN__DUPLICATE_METHOD_MATCH = YES;
				COPY_PHASE_STRIP = NO;
				DEBUG_INFORMATION_FORMAT = dwarf;
				ENABLE_STRICT_OBJC_MSGSEND = YES;
				ENABLE_TESTABILITY = YES;
				GCC_C_LANGUAGE_STANDARD = gnu11;
				GCC_DYNAMIC_NO_PIC = NO;
				GCC_NO_COMMON_BLOCKS = YES;
				GCC_OPTIMIZATION_LEVEL = 0;
				GCC_PREPROCESSOR_DEFINITIONS = (
					"DEBUG=1",
					"$(inherited)",
				);
				GCC_WARN_64_TO_32_BIT_CONVERSION = YES;
				GCC_WARN_ABOUT_RETURN_TYPE = YES_ERROR;
				GCC_WARN_UNDECLARED_SELECTOR = YES;
				GCC_WARN_UNINITIALIZED_AUTOS = YES_AGGRESSIVE;
				GCC_WARN_UNUSED_FUNCTION = YES;
				GCC_WARN_UNUSED_VARIABLE = YES;
				IPHONEOS_DEPLOYMENT_TARGET = 16.2;
				MTL_ENABLE_DEBUG_INFO = INCLUDE_SOURCE;
				MTL_FAST_MATH = YES;
				ONLY_ACTIVE_ARCH = YES;
				SDKROOT = iphoneos;
				SWIFT_ACTIVE_COMPILATION_CONDITIONS = DEBUG;
				SWIFT_OPTIMIZATION_LEVEL = "-Onone";
			};
			name = Debug;
		};
		29DA04B629BD50B7003E971A /* Release */ = {
			isa = XCBuildConfiguration;
			buildSettings = {
				ALWAYS_SEARCH_USER_PATHS = NO;
				CLANG_ANALYZER_NONNULL = YES;
				CLANG_ANALYZER_NUMBER_OBJECT_CONVERSION = YES_AGGRESSIVE;
				CLANG_CXX_LANGUAGE_STANDARD = "gnu++20";
				CLANG_ENABLE_MODULES = YES;
				CLANG_ENABLE_OBJC_ARC = YES;
				CLANG_ENABLE_OBJC_WEAK = YES;
				CLANG_WARN_BLOCK_CAPTURE_AUTORELEASING = YES;
				CLANG_WARN_BOOL_CONVERSION = YES;
				CLANG_WARN_COMMA = YES;
				CLANG_WARN_CONSTANT_CONVERSION = YES;
				CLANG_WARN_DEPRECATED_OBJC_IMPLEMENTATIONS = YES;
				CLANG_WARN_DIRECT_OBJC_ISA_USAGE = YES_ERROR;
				CLANG_WARN_DOCUMENTATION_COMMENTS = YES;
				CLANG_WARN_EMPTY_BODY = YES;
				CLANG_WARN_ENUM_CONVERSION = YES;
				CLANG_WARN_INFINITE_RECURSION = YES;
				CLANG_WARN_INT_CONVERSION = YES;
				CLANG_WARN_NON_LITERAL_NULL_CONVERSION = YES;
				CLANG_WARN_OBJC_IMPLICIT_RETAIN_SELF = YES;
				CLANG_WARN_OBJC_LITERAL_CONVERSION = YES;
				CLANG_WARN_OBJC_ROOT_CLASS = YES_ERROR;
				CLANG_WARN_QUOTED_INCLUDE_IN_FRAMEWORK_HEADER = YES;
				CLANG_WARN_RANGE_LOOP_ANALYSIS = YES;
				CLANG_WARN_STRICT_PROTOTYPES = YES;
				CLANG_WARN_SUSPICIOUS_MOVE = YES;
				CLANG_WARN_UNGUARDED_AVAILABILITY = YES_AGGRESSIVE;
				CLANG_WARN_UNREACHABLE_CODE = YES;
				CLANG_WARN__DUPLICATE_METHOD_MATCH = YES;
				COPY_PHASE_STRIP = NO;
				DEBUG_INFORMATION_FORMAT = "dwarf-with-dsym";
				ENABLE_NS_ASSERTIONS = NO;
				ENABLE_STRICT_OBJC_MSGSEND = YES;
				GCC_C_LANGUAGE_STANDARD = gnu11;
				GCC_NO_COMMON_BLOCKS = YES;
				GCC_WARN_64_TO_32_BIT_CONVERSION = YES;
				GCC_WARN_ABOUT_RETURN_TYPE = YES_ERROR;
				GCC_WARN_UNDECLARED_SELECTOR = YES;
				GCC_WARN_UNINITIALIZED_AUTOS = YES_AGGRESSIVE;
				GCC_WARN_UNUSED_FUNCTION = YES;
				GCC_WARN_UNUSED_VARIABLE = YES;
				IPHONEOS_DEPLOYMENT_TARGET = 16.2;
				MTL_ENABLE_DEBUG_INFO = NO;
				MTL_FAST_MATH = YES;
				SDKROOT = iphoneos;
				SWIFT_COMPILATION_MODE = wholemodule;
				SWIFT_OPTIMIZATION_LEVEL = "-O";
				VALIDATE_PRODUCT = YES;
			};
			name = Release;
		};
		29DA04B829BD50B7003E971A /* Debug */ = {
			isa = XCBuildConfiguration;
			buildSettings = {
				ASSETCATALOG_COMPILER_APPICON_NAME = AppIcon;
				ASSETCATALOG_COMPILER_GLOBAL_ACCENT_COLOR_NAME = AccentColor;
				CODE_SIGN_STYLE = Automatic;
				CURRENT_PROJECT_VERSION = 1;
				DEVELOPMENT_TEAM = VASSKNJ7GB;
				GENERATE_INFOPLIST_FILE = YES;
				INFOPLIST_FILE = RealTimeGolf/Info.plist;
				INFOPLIST_KEY_CFBundleDisplayName = "Real Time Golf";
				INFOPLIST_KEY_UIApplicationSupportsIndirectInputEvents = YES;
				INFOPLIST_KEY_UILaunchStoryboardName = LaunchScreen;
				INFOPLIST_KEY_UIMainStoryboardFile = Main;
				INFOPLIST_KEY_UIStatusBarStyle = "";
				INFOPLIST_KEY_UISupportedInterfaceOrientations = UIInterfaceOrientationPortrait;
				IPHONEOS_DEPLOYMENT_TARGET = 15.0;
				LD_RUNPATH_SEARCH_PATHS = (
					"$(inherited)",
					"@executable_path/Frameworks",
				);
				MARKETING_VERSION = 1.0;
				PRODUCT_BUNDLE_IDENTIFIER = com.bigbrains.RealTimeGolf;
				PRODUCT_NAME = "$(TARGET_NAME)";
				SUPPORTED_PLATFORMS = "iphoneos iphonesimulator";
				SUPPORTS_MACCATALYST = NO;
				SUPPORTS_MAC_DESIGNED_FOR_IPHONE_IPAD = NO;
				SWIFT_EMIT_LOC_STRINGS = YES;
				SWIFT_VERSION = 5.0;
				TARGETED_DEVICE_FAMILY = 1;
			};
			name = Debug;
		};
		29DA04B929BD50B7003E971A /* Release */ = {
			isa = XCBuildConfiguration;
			buildSettings = {
				ASSETCATALOG_COMPILER_APPICON_NAME = AppIcon;
				ASSETCATALOG_COMPILER_GLOBAL_ACCENT_COLOR_NAME = AccentColor;
				CODE_SIGN_STYLE = Automatic;
				CURRENT_PROJECT_VERSION = 1;
				DEVELOPMENT_TEAM = VASSKNJ7GB;
				GENERATE_INFOPLIST_FILE = YES;
				INFOPLIST_FILE = RealTimeGolf/Info.plist;
				INFOPLIST_KEY_CFBundleDisplayName = "Real Time Golf";
				INFOPLIST_KEY_UIApplicationSupportsIndirectInputEvents = YES;
				INFOPLIST_KEY_UILaunchStoryboardName = LaunchScreen;
				INFOPLIST_KEY_UIMainStoryboardFile = Main;
				INFOPLIST_KEY_UIStatusBarStyle = "";
				INFOPLIST_KEY_UISupportedInterfaceOrientations = UIInterfaceOrientationPortrait;
				IPHONEOS_DEPLOYMENT_TARGET = 15.0;
				LD_RUNPATH_SEARCH_PATHS = (
					"$(inherited)",
					"@executable_path/Frameworks",
				);
				MARKETING_VERSION = 1.0;
				PRODUCT_BUNDLE_IDENTIFIER = com.bigbrains.RealTimeGolf;
				PRODUCT_NAME = "$(TARGET_NAME)";
				SUPPORTED_PLATFORMS = "iphoneos iphonesimulator";
				SUPPORTS_MACCATALYST = NO;
				SUPPORTS_MAC_DESIGNED_FOR_IPHONE_IPAD = NO;
				SWIFT_EMIT_LOC_STRINGS = YES;
				SWIFT_VERSION = 5.0;
				TARGETED_DEVICE_FAMILY = 1;
			};
			name = Release;
		};
/* End XCBuildConfiguration section */

/* Begin XCConfigurationList section */
		29DA049E29BD50B5003E971A /* Build configuration list for PBXProject "RealTimeGolf" */ = {
			isa = XCConfigurationList;
			buildConfigurations = (
				29DA04B529BD50B7003E971A /* Debug */,
				29DA04B629BD50B7003E971A /* Release */,
			);
			defaultConfigurationIsVisible = 0;
			defaultConfigurationName = Release;
		};
		29DA04B729BD50B7003E971A /* Build configuration list for PBXNativeTarget "RealTimeGolf" */ = {
			isa = XCConfigurationList;
			buildConfigurations = (
				29DA04B829BD50B7003E971A /* Debug */,
				29DA04B929BD50B7003E971A /* Release */,
			);
			defaultConfigurationIsVisible = 0;
			defaultConfigurationName = Release;
		};
/* End XCConfigurationList section */
	};
	rootObject = 29DA049B29BD50B5003E971A /* Project object */;
}
